// !$*UTF8*$!
{
	archiveVersion = 1;
	classes = {
	};
	objectVersion = 51;
	objects = {

/* Begin PBXBuildFile section */
		20390E64268F801F0076F44F /* MainViewController.swift in Sources */ = {isa = PBXBuildFile; fileRef = 20390E63268F801F0076F44F /* MainViewController.swift */; };
		206499F1269B1EA900776E16 /* BubbleTransition.swift in Sources */ = {isa = PBXBuildFile; fileRef = 206499F0269B1EA900776E16 /* BubbleTransition.swift */; };
		206499F3269B23EB00776E16 /* BarChartViewController.swift in Sources */ = {isa = PBXBuildFile; fileRef = 206499F2269B23EB00776E16 /* BarChartViewController.swift */; };
		206499F5269B2B5F00776E16 /* LineChartViewController.swift in Sources */ = {isa = PBXBuildFile; fileRef = 206499F4269B2B5F00776E16 /* LineChartViewController.swift */; };
		206499F7269B302900776E16 /* PieChartViewController.swift in Sources */ = {isa = PBXBuildFile; fileRef = 206499F6269B302900776E16 /* PieChartViewController.swift */; };
		206929CC269023180043FF2C /* TabbarViewController.swift in Sources */ = {isa = PBXBuildFile; fileRef = 206929CB269023180043FF2C /* TabbarViewController.swift */; };
		206929CE269023760043FF2C /* TabbarSetting.swift in Sources */ = {isa = PBXBuildFile; fileRef = 206929CD269023760043FF2C /* TabbarSetting.swift */; };
		206929D0269023C80043FF2C /* Tabbar.swift in Sources */ = {isa = PBXBuildFile; fileRef = 206929CF269023C80043FF2C /* Tabbar.swift */; };
		206929D2269023E90043FF2C /* TabbarItem.swift in Sources */ = {isa = PBXBuildFile; fileRef = 206929D1269023E90043FF2C /* TabbarItem.swift */; };
		206B2E3A2696B09400AC3396 /* MessageKind.swift in Sources */ = {isa = PBXBuildFile; fileRef = 206B2E392696B09400AC3396 /* MessageKind.swift */; };
		20784CAD2699F4E5003CEFCC /* Conversation.swift in Sources */ = {isa = PBXBuildFile; fileRef = 20784CAC2699F4E5003CEFCC /* Conversation.swift */; };
		20784CAF2699F5AE003CEFCC /* Sender.swift in Sources */ = {isa = PBXBuildFile; fileRef = 20784CAE2699F5AE003CEFCC /* Sender.swift */; };
		207CBD97268F042B00912DAF /* AppDelegate.swift in Sources */ = {isa = PBXBuildFile; fileRef = 207CBD96268F042B00912DAF /* AppDelegate.swift */; };
		207CBD99268F042B00912DAF /* SceneDelegate.swift in Sources */ = {isa = PBXBuildFile; fileRef = 207CBD98268F042B00912DAF /* SceneDelegate.swift */; };
		207CBDA1268F042B00912DAF /* DesignExamples.xcdatamodeld in Sources */ = {isa = PBXBuildFile; fileRef = 207CBD9F268F042B00912DAF /* DesignExamples.xcdatamodeld */; };
		207CBDA3268F043200912DAF /* Assets.xcassets in Resources */ = {isa = PBXBuildFile; fileRef = 207CBDA2268F043200912DAF /* Assets.xcassets */; };
		207CBDA6268F043200912DAF /* LaunchScreen.storyboard in Resources */ = {isa = PBXBuildFile; fileRef = 207CBDA4268F043200912DAF /* LaunchScreen.storyboard */; };
		207CBDB4268F202B00912DAF /* LoginViewController.swift in Sources */ = {isa = PBXBuildFile; fileRef = 207CBDB3268F202A00912DAF /* LoginViewController.swift */; };
		207CBDB6268F203700912DAF /* RegisterViewController.swift in Sources */ = {isa = PBXBuildFile; fileRef = 207CBDB5268F203600912DAF /* RegisterViewController.swift */; };
		207CBDB8268F204500912DAF /* HomeViewController.swift in Sources */ = {isa = PBXBuildFile; fileRef = 207CBDB7268F204500912DAF /* HomeViewController.swift */; };
		207CBDBA268F205000912DAF /* ConversationViewController.swift in Sources */ = {isa = PBXBuildFile; fileRef = 207CBDB9268F205000912DAF /* ConversationViewController.swift */; };
		207CBDBC268F205B00912DAF /* ProfileViewController.swift in Sources */ = {isa = PBXBuildFile; fileRef = 207CBDBB268F205B00912DAF /* ProfileViewController.swift */; };
		207CBDBE268F206700912DAF /* SettingViewController.swift in Sources */ = {isa = PBXBuildFile; fileRef = 207CBDBD268F206700912DAF /* SettingViewController.swift */; };
		20B1468B269477E8008DBD29 /* StorageManager.swift in Sources */ = {isa = PBXBuildFile; fileRef = 20B1468A269477E8008DBD29 /* StorageManager.swift */; };
		20B89D212690C044004B6771 /* ChatViewController.swift in Sources */ = {isa = PBXBuildFile; fileRef = 20B89D202690C044004B6771 /* ChatViewController.swift */; };
		20B89D282690C0EC004B6771 /* NewConversationViewController.swift in Sources */ = {isa = PBXBuildFile; fileRef = 20B89D272690C0EC004B6771 /* NewConversationViewController.swift */; };
		20B89D2E2690DB62004B6771 /* Extensions.swift in Sources */ = {isa = PBXBuildFile; fileRef = 20B89D2D2690DB62004B6771 /* Extensions.swift */; };
		20C5C3092696E998008E2877 /* ConversationTableViewCell.swift in Sources */ = {isa = PBXBuildFile; fileRef = 20C5C3082696E998008E2877 /* ConversationTableViewCell.swift */; };
		20E9A12226920598003C9270 /* GoogleService-Info.plist in Resources */ = {isa = PBXBuildFile; fileRef = 20E9A12126920598003C9270 /* GoogleService-Info.plist */; };
		20E9A124269237CC003C9270 /* DatabaseManager.swift in Sources */ = {isa = PBXBuildFile; fileRef = 20E9A123269237CB003C9270 /* DatabaseManager.swift */; };
		376E73ABA9A98D7F8103A659 /* Pods_DesignExamples.framework in Frameworks */ = {isa = PBXBuildFile; fileRef = 5D5AAE59924297EADAF6C047 /* Pods_DesignExamples.framework */; };
/* End PBXBuildFile section */

/* Begin PBXFileReference section */
		20390E63268F801F0076F44F /* MainViewController.swift */ = {isa = PBXFileReference; lastKnownFileType = sourcecode.swift; path = MainViewController.swift; sourceTree = "<group>"; };
		206499EA269AEB4300776E16 /* DesignExamples.entitlements */ = {isa = PBXFileReference; lastKnownFileType = text.plist.entitlements; path = DesignExamples.entitlements; sourceTree = "<group>"; };
		206499F0269B1EA900776E16 /* BubbleTransition.swift */ = {isa = PBXFileReference; lastKnownFileType = sourcecode.swift; path = BubbleTransition.swift; sourceTree = "<group>"; };
		206499F2269B23EB00776E16 /* BarChartViewController.swift */ = {isa = PBXFileReference; lastKnownFileType = sourcecode.swift; path = BarChartViewController.swift; sourceTree = "<group>"; };
		206499F4269B2B5F00776E16 /* LineChartViewController.swift */ = {isa = PBXFileReference; lastKnownFileType = sourcecode.swift; path = LineChartViewController.swift; sourceTree = "<group>"; };
		206499F6269B302900776E16 /* PieChartViewController.swift */ = {isa = PBXFileReference; lastKnownFileType = sourcecode.swift; path = PieChartViewController.swift; sourceTree = "<group>"; };
		206929CB269023180043FF2C /* TabbarViewController.swift */ = {isa = PBXFileReference; lastKnownFileType = sourcecode.swift; path = TabbarViewController.swift; sourceTree = "<group>"; };
		206929CD269023760043FF2C /* TabbarSetting.swift */ = {isa = PBXFileReference; lastKnownFileType = sourcecode.swift; path = TabbarSetting.swift; sourceTree = "<group>"; };
		206929CF269023C80043FF2C /* Tabbar.swift */ = {isa = PBXFileReference; lastKnownFileType = sourcecode.swift; path = Tabbar.swift; sourceTree = "<group>"; };
		206929D1269023E90043FF2C /* TabbarItem.swift */ = {isa = PBXFileReference; lastKnownFileType = sourcecode.swift; path = TabbarItem.swift; sourceTree = "<group>"; };
		206B2E392696B09400AC3396 /* MessageKind.swift */ = {isa = PBXFileReference; lastKnownFileType = sourcecode.swift; path = MessageKind.swift; sourceTree = "<group>"; };
		20784CAC2699F4E5003CEFCC /* Conversation.swift */ = {isa = PBXFileReference; lastKnownFileType = sourcecode.swift; path = Conversation.swift; sourceTree = "<group>"; };
		20784CAE2699F5AE003CEFCC /* Sender.swift */ = {isa = PBXFileReference; lastKnownFileType = sourcecode.swift; path = Sender.swift; sourceTree = "<group>"; };
		207CBD93268F042B00912DAF /* DesignExamples.app */ = {isa = PBXFileReference; explicitFileType = wrapper.application; includeInIndex = 0; path = DesignExamples.app; sourceTree = BUILT_PRODUCTS_DIR; };
		207CBD96268F042B00912DAF /* AppDelegate.swift */ = {isa = PBXFileReference; lastKnownFileType = sourcecode.swift; path = AppDelegate.swift; sourceTree = "<group>"; };
		207CBD98268F042B00912DAF /* SceneDelegate.swift */ = {isa = PBXFileReference; lastKnownFileType = sourcecode.swift; path = SceneDelegate.swift; sourceTree = "<group>"; };
		207CBDA0268F042B00912DAF /* DesignExamples.xcdatamodel */ = {isa = PBXFileReference; lastKnownFileType = wrapper.xcdatamodel; path = DesignExamples.xcdatamodel; sourceTree = "<group>"; };
		207CBDA2268F043200912DAF /* Assets.xcassets */ = {isa = PBXFileReference; lastKnownFileType = folder.assetcatalog; path = Assets.xcassets; sourceTree = "<group>"; };
		207CBDA5268F043200912DAF /* Base */ = {isa = PBXFileReference; lastKnownFileType = file.storyboard; name = Base; path = Base.lproj/LaunchScreen.storyboard; sourceTree = "<group>"; };
		207CBDA7268F043200912DAF /* Info.plist */ = {isa = PBXFileReference; lastKnownFileType = text.plist.xml; path = Info.plist; sourceTree = "<group>"; };
		207CBDB3268F202A00912DAF /* LoginViewController.swift */ = {isa = PBXFileReference; lastKnownFileType = sourcecode.swift; path = LoginViewController.swift; sourceTree = "<group>"; };
		207CBDB5268F203600912DAF /* RegisterViewController.swift */ = {isa = PBXFileReference; lastKnownFileType = sourcecode.swift; name = RegisterViewController.swift; path = "../New Group/RegisterViewController.swift"; sourceTree = "<group>"; };
		207CBDB7268F204500912DAF /* HomeViewController.swift */ = {isa = PBXFileReference; lastKnownFileType = sourcecode.swift; path = HomeViewController.swift; sourceTree = "<group>"; };
		207CBDB9268F205000912DAF /* ConversationViewController.swift */ = {isa = PBXFileReference; lastKnownFileType = sourcecode.swift; path = ConversationViewController.swift; sourceTree = "<group>"; };
		207CBDBB268F205B00912DAF /* ProfileViewController.swift */ = {isa = PBXFileReference; lastKnownFileType = sourcecode.swift; path = ProfileViewController.swift; sourceTree = "<group>"; };
		207CBDBD268F206700912DAF /* SettingViewController.swift */ = {isa = PBXFileReference; lastKnownFileType = sourcecode.swift; path = SettingViewController.swift; sourceTree = "<group>"; };
		20B1468A269477E8008DBD29 /* StorageManager.swift */ = {isa = PBXFileReference; lastKnownFileType = sourcecode.swift; path = StorageManager.swift; sourceTree = "<group>"; };
		20B89D202690C044004B6771 /* ChatViewController.swift */ = {isa = PBXFileReference; lastKnownFileType = sourcecode.swift; path = ChatViewController.swift; sourceTree = "<group>"; };
		20B89D272690C0EC004B6771 /* NewConversationViewController.swift */ = {isa = PBXFileReference; lastKnownFileType = sourcecode.swift; path = NewConversationViewController.swift; sourceTree = "<group>"; };
		20B89D2D2690DB62004B6771 /* Extensions.swift */ = {isa = PBXFileReference; lastKnownFileType = sourcecode.swift; path = Extensions.swift; sourceTree = "<group>"; };
		20C5C3082696E998008E2877 /* ConversationTableViewCell.swift */ = {isa = PBXFileReference; lastKnownFileType = sourcecode.swift; path = ConversationTableViewCell.swift; sourceTree = "<group>"; };
		20E9A12126920598003C9270 /* GoogleService-Info.plist */ = {isa = PBXFileReference; fileEncoding = 4; lastKnownFileType = text.plist.xml; path = "GoogleService-Info.plist"; sourceTree = "<group>"; };
		20E9A123269237CB003C9270 /* DatabaseManager.swift */ = {isa = PBXFileReference; lastKnownFileType = sourcecode.swift; path = DatabaseManager.swift; sourceTree = "<group>"; };
		5D5AAE59924297EADAF6C047 /* Pods_DesignExamples.framework */ = {isa = PBXFileReference; explicitFileType = wrapper.framework; includeInIndex = 0; path = Pods_DesignExamples.framework; sourceTree = BUILT_PRODUCTS_DIR; };
		A5770841E5B1C1122CB85935 /* Pods-DesignExamples.release.xcconfig */ = {isa = PBXFileReference; includeInIndex = 1; lastKnownFileType = text.xcconfig; name = "Pods-DesignExamples.release.xcconfig"; path = "Target Support Files/Pods-DesignExamples/Pods-DesignExamples.release.xcconfig"; sourceTree = "<group>"; };
		E7E75CA1FD2DC75D888C67B5 /* Pods-DesignExamples.debug.xcconfig */ = {isa = PBXFileReference; includeInIndex = 1; lastKnownFileType = text.xcconfig; name = "Pods-DesignExamples.debug.xcconfig"; path = "Target Support Files/Pods-DesignExamples/Pods-DesignExamples.debug.xcconfig"; sourceTree = "<group>"; };
/* End PBXFileReference section */

/* Begin PBXFrameworksBuildPhase section */
		207CBD90268F042B00912DAF /* Frameworks */ = {
			isa = PBXFrameworksBuildPhase;
			buildActionMask = 2147483647;
			files = (
				376E73ABA9A98D7F8103A659 /* Pods_DesignExamples.framework in Frameworks */,
			);
			runOnlyForDeploymentPostprocessing = 0;
		};
/* End PBXFrameworksBuildPhase section */

/* Begin PBXGroup section */
		206499ED269B1A2D00776E16 /* HomeViewControllers */ = {
			isa = PBXGroup;
			children = (
				206499F0269B1EA900776E16 /* BubbleTransition.swift */,
				207CBDB7268F204500912DAF /* HomeViewController.swift */,
				206499F2269B23EB00776E16 /* BarChartViewController.swift */,
				206499F4269B2B5F00776E16 /* LineChartViewController.swift */,
				206499F6269B302900776E16 /* PieChartViewController.swift */,
			);
			path = HomeViewControllers;
			sourceTree = "<group>";
		};
		206499F8269B615600776E16 /* AuthControllers */ = {
			isa = PBXGroup;
			children = (
				207CBDB3268F202A00912DAF /* LoginViewController.swift */,
				207CBDB5268F203600912DAF /* RegisterViewController.swift */,
			);
			path = AuthControllers;
			sourceTree = "<group>";
		};
		206929D3269025260043FF2C /* TabbarController */ = {
			isa = PBXGroup;
			children = (
				206929CD269023760043FF2C /* TabbarSetting.swift */,
				206929D1269023E90043FF2C /* TabbarItem.swift */,
				206929CB269023180043FF2C /* TabbarViewController.swift */,
				206929CF269023C80043FF2C /* Tabbar.swift */,
			);
			path = TabbarController;
			sourceTree = "<group>";
		};
		207CBD8A268F042B00912DAF = {
			isa = PBXGroup;
			children = (
				207CBD95268F042B00912DAF /* DesignExamples */,
				207CBD94268F042B00912DAF /* Products */,
				425D13AE14EB04034C32CD5E /* Pods */,
				B6C81F73A4B3AFAEC9ED5D1A /* Frameworks */,
			);
			sourceTree = "<group>";
		};
		207CBD94268F042B00912DAF /* Products */ = {
			isa = PBXGroup;
			children = (
				207CBD93268F042B00912DAF /* DesignExamples.app */,
			);
			name = Products;
			sourceTree = "<group>";
		};
		207CBD95268F042B00912DAF /* DesignExamples */ = {
			isa = PBXGroup;
			children = (
				207CBDB1268F090000912DAF /* ModelView */,
				207CBDB0268F08F800912DAF /* View */,
				207CBDAF268F08F000912DAF /* Model */,
				207CBDAE268F08C800912DAF /* Resources */,
				207CBDAD268F08B700912DAF /* Managers */,
				206499EA269AEB4300776E16 /* DesignExamples.entitlements */,
				20E9A12126920598003C9270 /* GoogleService-Info.plist */,
				207CBDA7268F043200912DAF /* Info.plist */,
				207CBDA2268F043200912DAF /* Assets.xcassets */,
				207CBD9F268F042B00912DAF /* DesignExamples.xcdatamodeld */,
			);
			path = DesignExamples;
			sourceTree = "<group>";
		};
		207CBDAD268F08B700912DAF /* Managers */ = {
			isa = PBXGroup;
			children = (
			);
			path = Managers;
			sourceTree = "<group>";
		};
		207CBDAE268F08C800912DAF /* Resources */ = {
			isa = PBXGroup;
			children = (
				207CBD96268F042B00912DAF /* AppDelegate.swift */,
				207CBD98268F042B00912DAF /* SceneDelegate.swift */,
				20B89D2D2690DB62004B6771 /* Extensions.swift */,
			);
			path = Resources;
			sourceTree = "<group>";
		};
		207CBDAF268F08F000912DAF /* Model */ = {
			isa = PBXGroup;
			children = (
				206B2E392696B09400AC3396 /* MessageKind.swift */,
				20784CAC2699F4E5003CEFCC /* Conversation.swift */,
				20784CAE2699F5AE003CEFCC /* Sender.swift */,
			);
			path = Model;
			sourceTree = "<group>";
		};
		207CBDB0268F08F800912DAF /* View */ = {
			isa = PBXGroup;
			children = (
				20B89D1E2690BFA9004B6771 /* Storyboards */,
				207CBDB2268F201300912DAF /* Controllers */,
			);
			path = View;
			sourceTree = "<group>";
		};
		207CBDB1268F090000912DAF /* ModelView */ = {
			isa = PBXGroup;
			children = (
				20E9A123269237CB003C9270 /* DatabaseManager.swift */,
				20B1468A269477E8008DBD29 /* StorageManager.swift */,
			);
			path = ModelView;
			sourceTree = "<group>";
		};
		207CBDB2268F201300912DAF /* Controllers */ = {
			isa = PBXGroup;
			children = (
				206499F8269B615600776E16 /* AuthControllers */,
				206929D3269025260043FF2C /* TabbarController */,
				20B89D1F2690C021004B6771 /* ChatViewControllers */,
				206499ED269B1A2D00776E16 /* HomeViewControllers */,
				207CBDBB268F205B00912DAF /* ProfileViewController.swift */,
				207CBDBD268F206700912DAF /* SettingViewController.swift */,
				20390E63268F801F0076F44F /* MainViewController.swift */,
			);
			path = Controllers;
			sourceTree = "<group>";
		};
		20B89D1E2690BFA9004B6771 /* Storyboards */ = {
			isa = PBXGroup;
			children = (
				207CBDA4268F043200912DAF /* LaunchScreen.storyboard */,
			);
			name = Storyboards;
			sourceTree = "<group>";
		};
		20B89D1F2690C021004B6771 /* ChatViewControllers */ = {
			isa = PBXGroup;
			children = (
				207CBDB9268F205000912DAF /* ConversationViewController.swift */,
				20B89D202690C044004B6771 /* ChatViewController.swift */,
				20B89D272690C0EC004B6771 /* NewConversationViewController.swift */,
				20C5C3082696E998008E2877 /* ConversationTableViewCell.swift */,
			);
			path = ChatViewControllers;
			sourceTree = "<group>";
		};
		425D13AE14EB04034C32CD5E /* Pods */ = {
			isa = PBXGroup;
			children = (
				E7E75CA1FD2DC75D888C67B5 /* Pods-DesignExamples.debug.xcconfig */,
				A5770841E5B1C1122CB85935 /* Pods-DesignExamples.release.xcconfig */,
			);
			path = Pods;
			sourceTree = "<group>";
		};
		B6C81F73A4B3AFAEC9ED5D1A /* Frameworks */ = {
			isa = PBXGroup;
			children = (
				5D5AAE59924297EADAF6C047 /* Pods_DesignExamples.framework */,
			);
			name = Frameworks;
			sourceTree = "<group>";
		};
/* End PBXGroup section */

/* Begin PBXNativeTarget section */
		207CBD92268F042B00912DAF /* DesignExamples */ = {
			isa = PBXNativeTarget;
			buildConfigurationList = 207CBDAA268F043200912DAF /* Build configuration list for PBXNativeTarget "DesignExamples" */;
			buildPhases = (
				77A22D972F35E7385C8A97EA /* [CP] Check Pods Manifest.lock */,
				207CBD8F268F042B00912DAF /* Sources */,
				207CBD90268F042B00912DAF /* Frameworks */,
				207CBD91268F042B00912DAF /* Resources */,
				8C5473A5F19123459F66A288 /* [CP] Embed Pods Frameworks */,
			);
			buildRules = (
			);
			dependencies = (
			);
			name = DesignExamples;
			productName = DesignExamples;
			productReference = 207CBD93268F042B00912DAF /* DesignExamples.app */;
			productType = "com.apple.product-type.application";
		};
/* End PBXNativeTarget section */

/* Begin PBXProject section */
		207CBD8B268F042B00912DAF /* Project object */ = {
			isa = PBXProject;
			attributes = {
				LastSwiftUpdateCheck = 1250;
				LastUpgradeCheck = 1250;
				TargetAttributes = {
					207CBD92268F042B00912DAF = {
						CreatedOnToolsVersion = 12.5;
					};
				};
			};
			buildConfigurationList = 207CBD8E268F042B00912DAF /* Build configuration list for PBXProject "DesignExamples" */;
			compatibilityVersion = "Xcode 9.3";
			developmentRegion = en;
			hasScannedForEncodings = 0;
			knownRegions = (
				en,
				Base,
			);
			mainGroup = 207CBD8A268F042B00912DAF;
			productRefGroup = 207CBD94268F042B00912DAF /* Products */;
			projectDirPath = "";
			projectRoot = "";
			targets = (
				207CBD92268F042B00912DAF /* DesignExamples */,
			);
		};
/* End PBXProject section */

/* Begin PBXResourcesBuildPhase section */
		207CBD91268F042B00912DAF /* Resources */ = {
			isa = PBXResourcesBuildPhase;
			buildActionMask = 2147483647;
			files = (
				207CBDA6268F043200912DAF /* LaunchScreen.storyboard in Resources */,
				20E9A12226920598003C9270 /* GoogleService-Info.plist in Resources */,
				207CBDA3268F043200912DAF /* Assets.xcassets in Resources */,
			);
			runOnlyForDeploymentPostprocessing = 0;
		};
/* End PBXResourcesBuildPhase section */

/* Begin PBXShellScriptBuildPhase section */
		77A22D972F35E7385C8A97EA /* [CP] Check Pods Manifest.lock */ = {
			isa = PBXShellScriptBuildPhase;
			buildActionMask = 2147483647;
			files = (
			);
			inputFileListPaths = (
			);
			inputPaths = (
				"${PODS_PODFILE_DIR_PATH}/Podfile.lock",
				"${PODS_ROOT}/Manifest.lock",
			);
			name = "[CP] Check Pods Manifest.lock";
			outputFileListPaths = (
			);
			outputPaths = (
				"$(DERIVED_FILE_DIR)/Pods-DesignExamples-checkManifestLockResult.txt",
			);
			runOnlyForDeploymentPostprocessing = 0;
			shellPath = /bin/sh;
			shellScript = "diff \"${PODS_PODFILE_DIR_PATH}/Podfile.lock\" \"${PODS_ROOT}/Manifest.lock\" > /dev/null\nif [ $? != 0 ] ; then\n    # print error to STDERR\n    echo \"error: The sandbox is not in sync with the Podfile.lock. Run 'pod install' or update your CocoaPods installation.\" >&2\n    exit 1\nfi\n# This output is used by Xcode 'outputs' to avoid re-running this script phase.\necho \"SUCCESS\" > \"${SCRIPT_OUTPUT_FILE_0}\"\n";
			showEnvVarsInLog = 0;
		};
		8C5473A5F19123459F66A288 /* [CP] Embed Pods Frameworks */ = {
			isa = PBXShellScriptBuildPhase;
			buildActionMask = 2147483647;
			files = (
			);
			inputFileListPaths = (
				"${PODS_ROOT}/Target Support Files/Pods-DesignExamples/Pods-DesignExamples-frameworks-${CONFIGURATION}-input-files.xcfilelist",
			);
			name = "[CP] Embed Pods Frameworks";
			outputFileListPaths = (
				"${PODS_ROOT}/Target Support Files/Pods-DesignExamples/Pods-DesignExamples-frameworks-${CONFIGURATION}-output-files.xcfilelist",
			);
			runOnlyForDeploymentPostprocessing = 0;
			shellPath = /bin/sh;
			shellScript = "\"${PODS_ROOT}/Target Support Files/Pods-DesignExamples/Pods-DesignExamples-frameworks.sh\"\n";
			showEnvVarsInLog = 0;
		};
/* End PBXShellScriptBuildPhase section */

/* Begin PBXSourcesBuildPhase section */
		207CBD8F268F042B00912DAF /* Sources */ = {
			isa = PBXSourcesBuildPhase;
			buildActionMask = 2147483647;
			files = (
				206499F1269B1EA900776E16 /* BubbleTransition.swift in Sources */,
				207CBDA1268F042B00912DAF /* DesignExamples.xcdatamodeld in Sources */,
				206499F7269B302900776E16 /* PieChartViewController.swift in Sources */,
				206B2E3A2696B09400AC3396 /* MessageKind.swift in Sources */,
				20784CAD2699F4E5003CEFCC /* Conversation.swift in Sources */,
				206929D2269023E90043FF2C /* TabbarItem.swift in Sources */,
				20784CAF2699F5AE003CEFCC /* Sender.swift in Sources */,
				206499F3269B23EB00776E16 /* BarChartViewController.swift in Sources */,
				20B1468B269477E8008DBD29 /* StorageManager.swift in Sources */,
				20390E64268F801F0076F44F /* MainViewController.swift in Sources */,
				206929CE269023760043FF2C /* TabbarSetting.swift in Sources */,
				207CBDBA268F205000912DAF /* ConversationViewController.swift in Sources */,
				20B89D212690C044004B6771 /* ChatViewController.swift in Sources */,
				207CBD97268F042B00912DAF /* AppDelegate.swift in Sources */,
				207CBDB6268F203700912DAF /* RegisterViewController.swift in Sources */,
				20B89D282690C0EC004B6771 /* NewConversationViewController.swift in Sources */,
				206929D0269023C80043FF2C /* Tabbar.swift in Sources */,
				207CBDBE268F206700912DAF /* SettingViewController.swift in Sources */,
				207CBDB4268F202B00912DAF /* LoginViewController.swift in Sources */,
				206929CC269023180043FF2C /* TabbarViewController.swift in Sources */,
				20B89D2E2690DB62004B6771 /* Extensions.swift in Sources */,
				207CBDBC268F205B00912DAF /* ProfileViewController.swift in Sources */,
				20C5C3092696E998008E2877 /* ConversationTableViewCell.swift in Sources */,
				20E9A124269237CC003C9270 /* DatabaseManager.swift in Sources */,
				207CBDB8268F204500912DAF /* HomeViewController.swift in Sources */,
				206499F5269B2B5F00776E16 /* LineChartViewController.swift in Sources */,
				207CBD99268F042B00912DAF /* SceneDelegate.swift in Sources */,
			);
			runOnlyForDeploymentPostprocessing = 0;
		};
/* End PBXSourcesBuildPhase section */

/* Begin PBXVariantGroup section */
		207CBDA4268F043200912DAF /* LaunchScreen.storyboard */ = {
			isa = PBXVariantGroup;
			children = (
				207CBDA5268F043200912DAF /* Base */,
			);
			name = LaunchScreen.storyboard;
			sourceTree = "<group>";
		};
/* End PBXVariantGroup section */

/* Begin XCBuildConfiguration section */
		207CBDA8268F043200912DAF /* Debug */ = {
			isa = XCBuildConfiguration;
			buildSettings = {
				ALWAYS_SEARCH_USER_PATHS = NO;
				CLANG_ANALYZER_NONNULL = YES;
				CLANG_ANALYZER_NUMBER_OBJECT_CONVERSION = YES_AGGRESSIVE;
				CLANG_CXX_LANGUAGE_STANDARD = "gnu++14";
				CLANG_CXX_LIBRARY = "libc++";
				CLANG_ENABLE_MODULES = YES;
				CLANG_ENABLE_OBJC_ARC = YES;
				CLANG_ENABLE_OBJC_WEAK = YES;
				CLANG_WARN_BLOCK_CAPTURE_AUTORELEASING = YES;
				CLANG_WARN_BOOL_CONVERSION = YES;
				CLANG_WARN_COMMA = YES;
				CLANG_WARN_CONSTANT_CONVERSION = YES;
				CLANG_WARN_DEPRECATED_OBJC_IMPLEMENTATIONS = YES;
				CLANG_WARN_DIRECT_OBJC_ISA_USAGE = YES_ERROR;
				CLANG_WARN_DOCUMENTATION_COMMENTS = YES;
				CLANG_WARN_EMPTY_BODY = YES;
				CLANG_WARN_ENUM_CONVERSION = YES;
				CLANG_WARN_INFINITE_RECURSION = YES;
				CLANG_WARN_INT_CONVERSION = YES;
				CLANG_WARN_NON_LITERAL_NULL_CONVERSION = YES;
				CLANG_WARN_OBJC_IMPLICIT_RETAIN_SELF = YES;
				CLANG_WARN_OBJC_LITERAL_CONVERSION = YES;
				CLANG_WARN_OBJC_ROOT_CLASS = YES_ERROR;
				CLANG_WARN_QUOTED_INCLUDE_IN_FRAMEWORK_HEADER = YES;
				CLANG_WARN_RANGE_LOOP_ANALYSIS = YES;
				CLANG_WARN_STRICT_PROTOTYPES = YES;
				CLANG_WARN_SUSPICIOUS_MOVE = YES;
				CLANG_WARN_UNGUARDED_AVAILABILITY = YES_AGGRESSIVE;
				CLANG_WARN_UNREACHABLE_CODE = YES;
				CLANG_WARN__DUPLICATE_METHOD_MATCH = YES;
				COPY_PHASE_STRIP = NO;
				DEBUG_INFORMATION_FORMAT = dwarf;
				ENABLE_STRICT_OBJC_MSGSEND = YES;
				ENABLE_TESTABILITY = YES;
				GCC_C_LANGUAGE_STANDARD = gnu11;
				GCC_DYNAMIC_NO_PIC = NO;
				GCC_NO_COMMON_BLOCKS = YES;
				GCC_OPTIMIZATION_LEVEL = 0;
				GCC_PREPROCESSOR_DEFINITIONS = (
					"DEBUG=1",
					"$(inherited)",
				);
				GCC_WARN_64_TO_32_BIT_CONVERSION = YES;
				GCC_WARN_ABOUT_RETURN_TYPE = YES_ERROR;
				GCC_WARN_UNDECLARED_SELECTOR = YES;
				GCC_WARN_UNINITIALIZED_AUTOS = YES_AGGRESSIVE;
				GCC_WARN_UNUSED_FUNCTION = YES;
				GCC_WARN_UNUSED_VARIABLE = YES;
				IPHONEOS_DEPLOYMENT_TARGET = 14.5;
				MTL_ENABLE_DEBUG_INFO = INCLUDE_SOURCE;
				MTL_FAST_MATH = YES;
				ONLY_ACTIVE_ARCH = YES;
				SDKROOT = iphoneos;
				SWIFT_ACTIVE_COMPILATION_CONDITIONS = DEBUG;
				SWIFT_OPTIMIZATION_LEVEL = "-Onone";
			};
			name = Debug;
		};
		207CBDA9268F043200912DAF /* Release */ = {
			isa = XCBuildConfiguration;
			buildSettings = {
				ALWAYS_SEARCH_USER_PATHS = NO;
				CLANG_ANALYZER_NONNULL = YES;
				CLANG_ANALYZER_NUMBER_OBJECT_CONVERSION = YES_AGGRESSIVE;
				CLANG_CXX_LANGUAGE_STANDARD = "gnu++14";
				CLANG_CXX_LIBRARY = "libc++";
				CLANG_ENABLE_MODULES = YES;
				CLANG_ENABLE_OBJC_ARC = YES;
				CLANG_ENABLE_OBJC_WEAK = YES;
				CLANG_WARN_BLOCK_CAPTURE_AUTORELEASING = YES;
				CLANG_WARN_BOOL_CONVERSION = YES;
				CLANG_WARN_COMMA = YES;
				CLANG_WARN_CONSTANT_CONVERSION = YES;
				CLANG_WARN_DEPRECATED_OBJC_IMPLEMENTATIONS = YES;
				CLANG_WARN_DIRECT_OBJC_ISA_USAGE = YES_ERROR;
				CLANG_WARN_DOCUMENTATION_COMMENTS = YES;
				CLANG_WARN_EMPTY_BODY = YES;
				CLANG_WARN_ENUM_CONVERSION = YES;
				CLANG_WARN_INFINITE_RECURSION = YES;
				CLANG_WARN_INT_CONVERSION = YES;
				CLANG_WARN_NON_LITERAL_NULL_CONVERSION = YES;
				CLANG_WARN_OBJC_IMPLICIT_RETAIN_SELF = YES;
				CLANG_WARN_OBJC_LITERAL_CONVERSION = YES;
				CLANG_WARN_OBJC_ROOT_CLASS = YES_ERROR;
				CLANG_WARN_QUOTED_INCLUDE_IN_FRAMEWORK_HEADER = YES;
				CLANG_WARN_RANGE_LOOP_ANALYSIS = YES;
				CLANG_WARN_STRICT_PROTOTYPES = YES;
				CLANG_WARN_SUSPICIOUS_MOVE = YES;
				CLANG_WARN_UNGUARDED_AVAILABILITY = YES_AGGRESSIVE;
				CLANG_WARN_UNREACHABLE_CODE = YES;
				CLANG_WARN__DUPLICATE_METHOD_MATCH = YES;
				COPY_PHASE_STRIP = NO;
				DEBUG_INFORMATION_FORMAT = "dwarf-with-dsym";
				ENABLE_NS_ASSERTIONS = NO;
				ENABLE_STRICT_OBJC_MSGSEND = YES;
				GCC_C_LANGUAGE_STANDARD = gnu11;
				GCC_NO_COMMON_BLOCKS = YES;
				GCC_WARN_64_TO_32_BIT_CONVERSION = YES;
				GCC_WARN_ABOUT_RETURN_TYPE = YES_ERROR;
				GCC_WARN_UNDECLARED_SELECTOR = YES;
				GCC_WARN_UNINITIALIZED_AUTOS = YES_AGGRESSIVE;
				GCC_WARN_UNUSED_FUNCTION = YES;
				GCC_WARN_UNUSED_VARIABLE = YES;
				IPHONEOS_DEPLOYMENT_TARGET = 14.5;
				MTL_ENABLE_DEBUG_INFO = NO;
				MTL_FAST_MATH = YES;
				SDKROOT = iphoneos;
				SWIFT_COMPILATION_MODE = wholemodule;
				SWIFT_OPTIMIZATION_LEVEL = "-O";
				VALIDATE_PRODUCT = YES;
			};
			name = Release;
		};
		207CBDAB268F043200912DAF /* Debug */ = {
			isa = XCBuildConfiguration;
			baseConfigurationReference = E7E75CA1FD2DC75D888C67B5 /* Pods-DesignExamples.debug.xcconfig */;
			buildSettings = {
				ASSETCATALOG_COMPILER_APPICON_NAME = AppIcon;
				ASSETCATALOG_COMPILER_GLOBAL_ACCENT_COLOR_NAME = AccentColor;
				CODE_SIGN_ENTITLEMENTS = DesignExamples/DesignExamples.entitlements;
				CODE_SIGN_STYLE = Automatic;
				DEVELOPMENT_TEAM = HWU7734XG6;
				INFOPLIST_FILE = DesignExamples/Info.plist;
				LD_RUNPATH_SEARCH_PATHS = (
					"$(inherited)",
					"@executable_path/Frameworks",
				);
				PRODUCT_BUNDLE_IDENTIFIER = com.higgstudio.DesignExamples;
				PRODUCT_NAME = "$(TARGET_NAME)";
				SWIFT_VERSION = 5.0;
				TARGETED_DEVICE_FAMILY = "1,2";
			};
			name = Debug;
		};
		207CBDAC268F043200912DAF /* Release */ = {
			isa = XCBuildConfiguration;
			baseConfigurationReference = A5770841E5B1C1122CB85935 /* Pods-DesignExamples.release.xcconfig */;
			buildSettings = {
				ASSETCATALOG_COMPILER_APPICON_NAME = AppIcon;
				ASSETCATALOG_COMPILER_GLOBAL_ACCENT_COLOR_NAME = AccentColor;
				CODE_SIGN_ENTITLEMENTS = DesignExamples/DesignExamples.entitlements;
				CODE_SIGN_STYLE = Automatic;
				DEVELOPMENT_TEAM = HWU7734XG6;
				INFOPLIST_FILE = DesignExamples/Info.plist;
				LD_RUNPATH_SEARCH_PATHS = (
					"$(inherited)",
					"@executable_path/Frameworks",
				);
				PRODUCT_BUNDLE_IDENTIFIER = com.higgstudio.DesignExamples;
				PRODUCT_NAME = "$(TARGET_NAME)";
				SWIFT_VERSION = 5.0;
				TARGETED_DEVICE_FAMILY = "1,2";
			};
			name = Release;
		};
/* End XCBuildConfiguration section */

/* Begin XCConfigurationList section */
		207CBD8E268F042B00912DAF /* Build configuration list for PBXProject "DesignExamples" */ = {
			isa = XCConfigurationList;
			buildConfigurations = (
				207CBDA8268F043200912DAF /* Debug */,
				207CBDA9268F043200912DAF /* Release */,
			);
			defaultConfigurationIsVisible = 0;
			defaultConfigurationName = Release;
		};
		207CBDAA268F043200912DAF /* Build configuration list for PBXNativeTarget "DesignExamples" */ = {
			isa = XCConfigurationList;
			buildConfigurations = (
				207CBDAB268F043200912DAF /* Debug */,
				207CBDAC268F043200912DAF /* Release */,
			);
			defaultConfigurationIsVisible = 0;
			defaultConfigurationName = Release;
		};
/* End XCConfigurationList section */

/* Begin XCVersionGroup section */
		207CBD9F268F042B00912DAF /* DesignExamples.xcdatamodeld */ = {
			isa = XCVersionGroup;
			children = (
				207CBDA0268F042B00912DAF /* DesignExamples.xcdatamodel */,
			);
			currentVersion = 207CBDA0268F042B00912DAF /* DesignExamples.xcdatamodel */;
			path = DesignExamples.xcdatamodeld;
			sourceTree = "<group>";
			versionGroupType = wrapper.xcdatamodel;
		};
/* End XCVersionGroup section */
	};
	rootObject = 207CBD8B268F042B00912DAF /* Project object */;
}
