// !$*UTF8*$!
{
	archiveVersion = 1;
	classes = {
	};
	objectVersion = 50;
	objects = {

/* Begin PBXBuildFile section */
		20390E64268F801F0076F44F /* MainViewController.swift in Sources */ = {isa = PBXBuildFile; fileRef = 20390E63268F801F0076F44F /* MainViewController.swift */; };
		206929CC269023180043FF2C /* TabbarViewController.swift in Sources */ = {isa = PBXBuildFile; fileRef = 206929CB269023180043FF2C /* TabbarViewController.swift */; };
		206929CE269023760043FF2C /* TabbarSetting.swift in Sources */ = {isa = PBXBuildFile; fileRef = 206929CD269023760043FF2C /* TabbarSetting.swift */; };
		206929D0269023C80043FF2C /* Tabbar.swift in Sources */ = {isa = PBXBuildFile; fileRef = 206929CF269023C80043FF2C /* Tabbar.swift */; };
		206929D2269023E90043FF2C /* TabbarItem.swift in Sources */ = {isa = PBXBuildFile; fileRef = 206929D1269023E90043FF2C /* TabbarItem.swift */; };
		206929D626905CFB0043FF2C /* PageMenu+Options .swift in Sources */ = {isa = PBXBuildFile; fileRef = 206929D526905CFB0043FF2C /* PageMenu+Options .swift */; };
		206929D826905D300043FF2C /* PageMenu+Configuration.swift in Sources */ = {isa = PBXBuildFile; fileRef = 206929D726905D300043FF2C /* PageMenu+Configuration.swift */; };
		206929DA26905D710043FF2C /* PageMenu+UIGestureRecognizerDelegate.swift in Sources */ = {isa = PBXBuildFile; fileRef = 206929D926905D710043FF2C /* PageMenu+UIGestureRecognizerDelegate.swift */; };
		206929DC26905DAA0043FF2C /* PageMenu+UIScrollViewDelegate.swift in Sources */ = {isa = PBXBuildFile; fileRef = 206929DB26905DAA0043FF2C /* PageMenu+UIScrollViewDelegate.swift */; };
		206929DE26905DD40043FF2C /* PageMenu.swift in Sources */ = {isa = PBXBuildFile; fileRef = 206929DD26905DD40043FF2C /* PageMenu.swift */; };
		206929E226905E3B0043FF2C /* PageMenuConfiguration.swift in Sources */ = {isa = PBXBuildFile; fileRef = 206929E126905E3B0043FF2C /* PageMenuConfiguration.swift */; };
		206929E426905E630043FF2C /* MenuItemView.swift in Sources */ = {isa = PBXBuildFile; fileRef = 206929E326905E630043FF2C /* MenuItemView.swift */; };
		207CBD97268F042B00912DAF /* AppDelegate.swift in Sources */ = {isa = PBXBuildFile; fileRef = 207CBD96268F042B00912DAF /* AppDelegate.swift */; };
		207CBD99268F042B00912DAF /* SceneDelegate.swift in Sources */ = {isa = PBXBuildFile; fileRef = 207CBD98268F042B00912DAF /* SceneDelegate.swift */; };
		207CBDA1268F042B00912DAF /* DesignExamples.xcdatamodeld in Sources */ = {isa = PBXBuildFile; fileRef = 207CBD9F268F042B00912DAF /* DesignExamples.xcdatamodeld */; };
		207CBDA3268F043200912DAF /* Assets.xcassets in Resources */ = {isa = PBXBuildFile; fileRef = 207CBDA2268F043200912DAF /* Assets.xcassets */; };
		207CBDA6268F043200912DAF /* LaunchScreen.storyboard in Resources */ = {isa = PBXBuildFile; fileRef = 207CBDA4268F043200912DAF /* LaunchScreen.storyboard */; };
		207CBDB4268F202B00912DAF /* LoginViewController.swift in Sources */ = {isa = PBXBuildFile; fileRef = 207CBDB3268F202A00912DAF /* LoginViewController.swift */; };
		207CBDB6268F203700912DAF /* RegisterViewController.swift in Sources */ = {isa = PBXBuildFile; fileRef = 207CBDB5268F203600912DAF /* RegisterViewController.swift */; };
		207CBDB8268F204500912DAF /* HomeViewController.swift in Sources */ = {isa = PBXBuildFile; fileRef = 207CBDB7268F204500912DAF /* HomeViewController.swift */; };
		207CBDBA268F205000912DAF /* ChatViewController.swift in Sources */ = {isa = PBXBuildFile; fileRef = 207CBDB9268F205000912DAF /* ChatViewController.swift */; };
		207CBDBC268F205B00912DAF /* ProfileViewController.swift in Sources */ = {isa = PBXBuildFile; fileRef = 207CBDBB268F205B00912DAF /* ProfileViewController.swift */; };
		207CBDBE268F206700912DAF /* SettingViewController.swift in Sources */ = {isa = PBXBuildFile; fileRef = 207CBDBD268F206700912DAF /* SettingViewController.swift */; };
/* End PBXBuildFile section */

/* Begin PBXFileReference section */
		20390E63268F801F0076F44F /* MainViewController.swift */ = {isa = PBXFileReference; lastKnownFileType = sourcecode.swift; path = MainViewController.swift; sourceTree = "<group>"; };
		206929CB269023180043FF2C /* TabbarViewController.swift */ = {isa = PBXFileReference; lastKnownFileType = sourcecode.swift; path = TabbarViewController.swift; sourceTree = "<group>"; };
		206929CD269023760043FF2C /* TabbarSetting.swift */ = {isa = PBXFileReference; lastKnownFileType = sourcecode.swift; path = TabbarSetting.swift; sourceTree = "<group>"; };
		206929CF269023C80043FF2C /* Tabbar.swift */ = {isa = PBXFileReference; lastKnownFileType = sourcecode.swift; path = Tabbar.swift; sourceTree = "<group>"; };
		206929D1269023E90043FF2C /* TabbarItem.swift */ = {isa = PBXFileReference; lastKnownFileType = sourcecode.swift; path = TabbarItem.swift; sourceTree = "<group>"; };
		206929D526905CFB0043FF2C /* PageMenu+Options .swift */ = {isa = PBXFileReference; lastKnownFileType = sourcecode.swift; path = "PageMenu+Options .swift"; sourceTree = "<group>"; };
		206929D726905D300043FF2C /* PageMenu+Configuration.swift */ = {isa = PBXFileReference; lastKnownFileType = sourcecode.swift; path = "PageMenu+Configuration.swift"; sourceTree = "<group>"; };
		206929D926905D710043FF2C /* PageMenu+UIGestureRecognizerDelegate.swift */ = {isa = PBXFileReference; lastKnownFileType = sourcecode.swift; path = "PageMenu+UIGestureRecognizerDelegate.swift"; sourceTree = "<group>"; };
		206929DB26905DAA0043FF2C /* PageMenu+UIScrollViewDelegate.swift */ = {isa = PBXFileReference; lastKnownFileType = sourcecode.swift; path = "PageMenu+UIScrollViewDelegate.swift"; sourceTree = "<group>"; };
		206929DD26905DD40043FF2C /* PageMenu.swift */ = {isa = PBXFileReference; lastKnownFileType = sourcecode.swift; path = PageMenu.swift; sourceTree = "<group>"; };
		206929E126905E3B0043FF2C /* PageMenuConfiguration.swift */ = {isa = PBXFileReference; lastKnownFileType = sourcecode.swift; path = PageMenuConfiguration.swift; sourceTree = "<group>"; };
		206929E326905E630043FF2C /* MenuItemView.swift */ = {isa = PBXFileReference; lastKnownFileType = sourcecode.swift; path = MenuItemView.swift; sourceTree = "<group>"; };
		207CBD93268F042B00912DAF /* DesignExamples.app */ = {isa = PBXFileReference; explicitFileType = wrapper.application; includeInIndex = 0; path = DesignExamples.app; sourceTree = BUILT_PRODUCTS_DIR; };
		207CBD96268F042B00912DAF /* AppDelegate.swift */ = {isa = PBXFileReference; lastKnownFileType = sourcecode.swift; path = AppDelegate.swift; sourceTree = "<group>"; };
		207CBD98268F042B00912DAF /* SceneDelegate.swift */ = {isa = PBXFileReference; lastKnownFileType = sourcecode.swift; path = SceneDelegate.swift; sourceTree = "<group>"; };
		207CBDA0268F042B00912DAF /* DesignExamples.xcdatamodel */ = {isa = PBXFileReference; lastKnownFileType = wrapper.xcdatamodel; path = DesignExamples.xcdatamodel; sourceTree = "<group>"; };
		207CBDA2268F043200912DAF /* Assets.xcassets */ = {isa = PBXFileReference; lastKnownFileType = folder.assetcatalog; path = Assets.xcassets; sourceTree = "<group>"; };
		207CBDA5268F043200912DAF /* Base */ = {isa = PBXFileReference; lastKnownFileType = file.storyboard; name = Base; path = Base.lproj/LaunchScreen.storyboard; sourceTree = "<group>"; };
		207CBDA7268F043200912DAF /* Info.plist */ = {isa = PBXFileReference; lastKnownFileType = text.plist.xml; path = Info.plist; sourceTree = "<group>"; };
		207CBDB3268F202A00912DAF /* LoginViewController.swift */ = {isa = PBXFileReference; lastKnownFileType = sourcecode.swift; path = LoginViewController.swift; sourceTree = "<group>"; };
		207CBDB5268F203600912DAF /* RegisterViewController.swift */ = {isa = PBXFileReference; lastKnownFileType = sourcecode.swift; path = RegisterViewController.swift; sourceTree = "<group>"; };
		207CBDB7268F204500912DAF /* HomeViewController.swift */ = {isa = PBXFileReference; lastKnownFileType = sourcecode.swift; path = HomeViewController.swift; sourceTree = "<group>"; };
		207CBDB9268F205000912DAF /* ChatViewController.swift */ = {isa = PBXFileReference; lastKnownFileType = sourcecode.swift; path = ChatViewController.swift; sourceTree = "<group>"; };
		207CBDBB268F205B00912DAF /* ProfileViewController.swift */ = {isa = PBXFileReference; lastKnownFileType = sourcecode.swift; path = ProfileViewController.swift; sourceTree = "<group>"; };
		207CBDBD268F206700912DAF /* SettingViewController.swift */ = {isa = PBXFileReference; lastKnownFileType = sourcecode.swift; path = SettingViewController.swift; sourceTree = "<group>"; };
/* End PBXFileReference section */

/* Begin PBXFrameworksBuildPhase section */
		207CBD90268F042B00912DAF /* Frameworks */ = {
			isa = PBXFrameworksBuildPhase;
			buildActionMask = 2147483647;
			files = (
			);
			runOnlyForDeploymentPostprocessing = 0;
		};
/* End PBXFrameworksBuildPhase section */

/* Begin PBXGroup section */
		206929D3269025260043FF2C /* TabbarController */ = {
			isa = PBXGroup;
			children = (
				206929CD269023760043FF2C /* TabbarSetting.swift */,
				206929D1269023E90043FF2C /* TabbarItem.swift */,
				206929CB269023180043FF2C /* TabbarViewController.swift */,
				206929CF269023C80043FF2C /* Tabbar.swift */,
			);
			path = TabbarController;
			sourceTree = "<group>";
		};
		206929D426905CCE0043FF2C /* PageMenuController */ = {
			isa = PBXGroup;
			children = (
				206929D526905CFB0043FF2C /* PageMenu+Options .swift */,
				206929D726905D300043FF2C /* PageMenu+Configuration.swift */,
				206929D926905D710043FF2C /* PageMenu+UIGestureRecognizerDelegate.swift */,
				206929DB26905DAA0043FF2C /* PageMenu+UIScrollViewDelegate.swift */,
				206929DD26905DD40043FF2C /* PageMenu.swift */,
				206929E126905E3B0043FF2C /* PageMenuConfiguration.swift */,
				206929E326905E630043FF2C /* MenuItemView.swift */,
			);
			path = PageMenuController;
			sourceTree = "<group>";
		};
		207CBD8A268F042B00912DAF = {
			isa = PBXGroup;
			children = (
				207CBD95268F042B00912DAF /* DesignExamples */,
				207CBD94268F042B00912DAF /* Products */,
			);
			sourceTree = "<group>";
		};
		207CBD94268F042B00912DAF /* Products */ = {
			isa = PBXGroup;
			children = (
				207CBD93268F042B00912DAF /* DesignExamples.app */,
			);
			name = Products;
			sourceTree = "<group>";
		};
		207CBD95268F042B00912DAF /* DesignExamples */ = {
			isa = PBXGroup;
			children = (
				207CBDB1268F090000912DAF /* ModelView */,
				207CBDB0268F08F800912DAF /* View */,
				207CBDAF268F08F000912DAF /* Model */,
				207CBDAE268F08C800912DAF /* Resources */,
				207CBDAD268F08B700912DAF /* Managers */,
				207CBD96268F042B00912DAF /* AppDelegate.swift */,
				207CBD98268F042B00912DAF /* SceneDelegate.swift */,
				207CBDA2268F043200912DAF /* Assets.xcassets */,
				207CBDA4268F043200912DAF /* LaunchScreen.storyboard */,
				207CBDA7268F043200912DAF /* Info.plist */,
				207CBD9F268F042B00912DAF /* DesignExamples.xcdatamodeld */,
			);
			path = DesignExamples;
			sourceTree = "<group>";
		};
		207CBDAD268F08B700912DAF /* Managers */ = {
			isa = PBXGroup;
			children = (
			);
			path = Managers;
			sourceTree = "<group>";
		};
		207CBDAE268F08C800912DAF /* Resources */ = {
			isa = PBXGroup;
			children = (
			);
			path = Resources;
			sourceTree = "<group>";
		};
		207CBDAF268F08F000912DAF /* Model */ = {
			isa = PBXGroup;
			children = (
			);
			path = Model;
			sourceTree = "<group>";
		};
		207CBDB0268F08F800912DAF /* View */ = {
			isa = PBXGroup;
			children = (
				206929D426905CCE0043FF2C /* PageMenuController */,
				206929D3269025260043FF2C /* TabbarController */,
				207CBDB2268F201300912DAF /* Controllers */,
			);
			path = View;
			sourceTree = "<group>";
		};
		207CBDB1268F090000912DAF /* ModelView */ = {
			isa = PBXGroup;
			children = (
			);
			path = ModelView;
			sourceTree = "<group>";
		};
		207CBDB2268F201300912DAF /* Controllers */ = {
			isa = PBXGroup;
			children = (
				207CBDB3268F202A00912DAF /* LoginViewController.swift */,
				207CBDB5268F203600912DAF /* RegisterViewController.swift */,
				207CBDB7268F204500912DAF /* HomeViewController.swift */,
				207CBDB9268F205000912DAF /* ChatViewController.swift */,
				207CBDBB268F205B00912DAF /* ProfileViewController.swift */,
				207CBDBD268F206700912DAF /* SettingViewController.swift */,
				20390E63268F801F0076F44F /* MainViewController.swift */,
			);
			path = Controllers;
			sourceTree = "<group>";
		};
/* End PBXGroup section */

/* Begin PBXNativeTarget section */
		207CBD92268F042B00912DAF /* DesignExamples */ = {
			isa = PBXNativeTarget;
			buildConfigurationList = 207CBDAA268F043200912DAF /* Build configuration list for PBXNativeTarget "DesignExamples" */;
			buildPhases = (
				207CBD8F268F042B00912DAF /* Sources */,
				207CBD90268F042B00912DAF /* Frameworks */,
				207CBD91268F042B00912DAF /* Resources */,
			);
			buildRules = (
			);
			dependencies = (
			);
			name = DesignExamples;
			productName = DesignExamples;
			productReference = 207CBD93268F042B00912DAF /* DesignExamples.app */;
			productType = "com.apple.product-type.application";
		};
/* End PBXNativeTarget section */

/* Begin PBXProject section */
		207CBD8B268F042B00912DAF /* Project object */ = {
			isa = PBXProject;
			attributes = {
				LastSwiftUpdateCheck = 1250;
				LastUpgradeCheck = 1250;
				TargetAttributes = {
					207CBD92268F042B00912DAF = {
						CreatedOnToolsVersion = 12.5;
					};
				};
			};
			buildConfigurationList = 207CBD8E268F042B00912DAF /* Build configuration list for PBXProject "DesignExamples" */;
			compatibilityVersion = "Xcode 9.3";
			developmentRegion = en;
			hasScannedForEncodings = 0;
			knownRegions = (
				en,
				Base,
			);
			mainGroup = 207CBD8A268F042B00912DAF;
			productRefGroup = 207CBD94268F042B00912DAF /* Products */;
			projectDirPath = "";
			projectRoot = "";
			targets = (
				207CBD92268F042B00912DAF /* DesignExamples */,
			);
		};
/* End PBXProject section */

/* Begin PBXResourcesBuildPhase section */
		207CBD91268F042B00912DAF /* Resources */ = {
			isa = PBXResourcesBuildPhase;
			buildActionMask = 2147483647;
			files = (
				207CBDA6268F043200912DAF /* LaunchScreen.storyboard in Resources */,
				207CBDA3268F043200912DAF /* Assets.xcassets in Resources */,
			);
			runOnlyForDeploymentPostprocessing = 0;
		};
/* End PBXResourcesBuildPhase section */

/* Begin PBXSourcesBuildPhase section */
		207CBD8F268F042B00912DAF /* Sources */ = {
			isa = PBXSourcesBuildPhase;
			buildActionMask = 2147483647;
			files = (
				207CBDA1268F042B00912DAF /* DesignExamples.xcdatamodeld in Sources */,
				206929D2269023E90043FF2C /* TabbarItem.swift in Sources */,
				206929DC26905DAA0043FF2C /* PageMenu+UIScrollViewDelegate.swift in Sources */,
				20390E64268F801F0076F44F /* MainViewController.swift in Sources */,
				206929E426905E630043FF2C /* MenuItemView.swift in Sources */,
				206929E226905E3B0043FF2C /* PageMenuConfiguration.swift in Sources */,
				206929CE269023760043FF2C /* TabbarSetting.swift in Sources */,
				207CBDBA268F205000912DAF /* ChatViewController.swift in Sources */,
				206929D826905D300043FF2C /* PageMenu+Configuration.swift in Sources */,
				207CBD97268F042B00912DAF /* AppDelegate.swift in Sources */,
				207CBDB6268F203700912DAF /* RegisterViewController.swift in Sources */,
				206929DE26905DD40043FF2C /* PageMenu.swift in Sources */,
				206929D0269023C80043FF2C /* Tabbar.swift in Sources */,
				207CBDBE268F206700912DAF /* SettingViewController.swift in Sources */,
				207CBDB4268F202B00912DAF /* LoginViewController.swift in Sources */,
				206929D626905CFB0043FF2C /* PageMenu+Options .swift in Sources */,
				206929CC269023180043FF2C /* TabbarViewController.swift in Sources */,
				206929DA26905D710043FF2C /* PageMenu+UIGestureRecognizerDelegate.swift in Sources */,
				207CBDBC268F205B00912DAF /* ProfileViewController.swift in Sources */,
				207CBDB8268F204500912DAF /* HomeViewController.swift in Sources */,
				207CBD99268F042B00912DAF /* SceneDelegate.swift in Sources */,
			);
			runOnlyForDeploymentPostprocessing = 0;
		};
/* End PBXSourcesBuildPhase section */

/* Begin PBXVariantGroup section */
		207CBDA4268F043200912DAF /* LaunchScreen.storyboard */ = {
			isa = PBXVariantGroup;
			children = (
				207CBDA5268F043200912DAF /* Base */,
			);
			name = LaunchScreen.storyboard;
			sourceTree = "<group>";
		};
/* End PBXVariantGroup section */

/* Begin XCBuildConfiguration section */
		207CBDA8268F043200912DAF /* Debug */ = {
			isa = XCBuildConfiguration;
			buildSettings = {
				ALWAYS_SEARCH_USER_PATHS = NO;
				CLANG_ANALYZER_NONNULL = YES;
				CLANG_ANALYZER_NUMBER_OBJECT_CONVERSION = YES_AGGRESSIVE;
				CLANG_CXX_LANGUAGE_STANDARD = "gnu++14";
				CLANG_CXX_LIBRARY = "libc++";
				CLANG_ENABLE_MODULES = YES;
				CLANG_ENABLE_OBJC_ARC = YES;
				CLANG_ENABLE_OBJC_WEAK = YES;
				CLANG_WARN_BLOCK_CAPTURE_AUTORELEASING = YES;
				CLANG_WARN_BOOL_CONVERSION = YES;
				CLANG_WARN_COMMA = YES;
				CLANG_WARN_CONSTANT_CONVERSION = YES;
				CLANG_WARN_DEPRECATED_OBJC_IMPLEMENTATIONS = YES;
				CLANG_WARN_DIRECT_OBJC_ISA_USAGE = YES_ERROR;
				CLANG_WARN_DOCUMENTATION_COMMENTS = YES;
				CLANG_WARN_EMPTY_BODY = YES;
				CLANG_WARN_ENUM_CONVERSION = YES;
				CLANG_WARN_INFINITE_RECURSION = YES;
				CLANG_WARN_INT_CONVERSION = YES;
				CLANG_WARN_NON_LITERAL_NULL_CONVERSION = YES;
				CLANG_WARN_OBJC_IMPLICIT_RETAIN_SELF = YES;
				CLANG_WARN_OBJC_LITERAL_CONVERSION = YES;
				CLANG_WARN_OBJC_ROOT_CLASS = YES_ERROR;
				CLANG_WARN_QUOTED_INCLUDE_IN_FRAMEWORK_HEADER = YES;
				CLANG_WARN_RANGE_LOOP_ANALYSIS = YES;
				CLANG_WARN_STRICT_PROTOTYPES = YES;
				CLANG_WARN_SUSPICIOUS_MOVE = YES;
				CLANG_WARN_UNGUARDED_AVAILABILITY = YES_AGGRESSIVE;
				CLANG_WARN_UNREACHABLE_CODE = YES;
				CLANG_WARN__DUPLICATE_METHOD_MATCH = YES;
				COPY_PHASE_STRIP = NO;
				DEBUG_INFORMATION_FORMAT = dwarf;
				ENABLE_STRICT_OBJC_MSGSEND = YES;
				ENABLE_TESTABILITY = YES;
				GCC_C_LANGUAGE_STANDARD = gnu11;
				GCC_DYNAMIC_NO_PIC = NO;
				GCC_NO_COMMON_BLOCKS = YES;
				GCC_OPTIMIZATION_LEVEL = 0;
				GCC_PREPROCESSOR_DEFINITIONS = (
					"DEBUG=1",
					"$(inherited)",
				);
				GCC_WARN_64_TO_32_BIT_CONVERSION = YES;
				GCC_WARN_ABOUT_RETURN_TYPE = YES_ERROR;
				GCC_WARN_UNDECLARED_SELECTOR = YES;
				GCC_WARN_UNINITIALIZED_AUTOS = YES_AGGRESSIVE;
				GCC_WARN_UNUSED_FUNCTION = YES;
				GCC_WARN_UNUSED_VARIABLE = YES;
				IPHONEOS_DEPLOYMENT_TARGET = 14.5;
				MTL_ENABLE_DEBUG_INFO = INCLUDE_SOURCE;
				MTL_FAST_MATH = YES;
				ONLY_ACTIVE_ARCH = YES;
				SDKROOT = iphoneos;
				SWIFT_ACTIVE_COMPILATION_CONDITIONS = DEBUG;
				SWIFT_OPTIMIZATION_LEVEL = "-Onone";
			};
			name = Debug;
		};
		207CBDA9268F043200912DAF /* Release */ = {
			isa = XCBuildConfiguration;
			buildSettings = {
				ALWAYS_SEARCH_USER_PATHS = NO;
				CLANG_ANALYZER_NONNULL = YES;
				CLANG_ANALYZER_NUMBER_OBJECT_CONVERSION = YES_AGGRESSIVE;
				CLANG_CXX_LANGUAGE_STANDARD = "gnu++14";
				CLANG_CXX_LIBRARY = "libc++";
				CLANG_ENABLE_MODULES = YES;
				CLANG_ENABLE_OBJC_ARC = YES;
				CLANG_ENABLE_OBJC_WEAK = YES;
				CLANG_WARN_BLOCK_CAPTURE_AUTORELEASING = YES;
				CLANG_WARN_BOOL_CONVERSION = YES;
				CLANG_WARN_COMMA = YES;
				CLANG_WARN_CONSTANT_CONVERSION = YES;
				CLANG_WARN_DEPRECATED_OBJC_IMPLEMENTATIONS = YES;
				CLANG_WARN_DIRECT_OBJC_ISA_USAGE = YES_ERROR;
				CLANG_WARN_DOCUMENTATION_COMMENTS = YES;
				CLANG_WARN_EMPTY_BODY = YES;
				CLANG_WARN_ENUM_CONVERSION = YES;
				CLANG_WARN_INFINITE_RECURSION = YES;
				CLANG_WARN_INT_CONVERSION = YES;
				CLANG_WARN_NON_LITERAL_NULL_CONVERSION = YES;
				CLANG_WARN_OBJC_IMPLICIT_RETAIN_SELF = YES;
				CLANG_WARN_OBJC_LITERAL_CONVERSION = YES;
				CLANG_WARN_OBJC_ROOT_CLASS = YES_ERROR;
				CLANG_WARN_QUOTED_INCLUDE_IN_FRAMEWORK_HEADER = YES;
				CLANG_WARN_RANGE_LOOP_ANALYSIS = YES;
				CLANG_WARN_STRICT_PROTOTYPES = YES;
				CLANG_WARN_SUSPICIOUS_MOVE = YES;
				CLANG_WARN_UNGUARDED_AVAILABILITY = YES_AGGRESSIVE;
				CLANG_WARN_UNREACHABLE_CODE = YES;
				CLANG_WARN__DUPLICATE_METHOD_MATCH = YES;
				COPY_PHASE_STRIP = NO;
				DEBUG_INFORMATION_FORMAT = "dwarf-with-dsym";
				ENABLE_NS_ASSERTIONS = NO;
				ENABLE_STRICT_OBJC_MSGSEND = YES;
				GCC_C_LANGUAGE_STANDARD = gnu11;
				GCC_NO_COMMON_BLOCKS = YES;
				GCC_WARN_64_TO_32_BIT_CONVERSION = YES;
				GCC_WARN_ABOUT_RETURN_TYPE = YES_ERROR;
				GCC_WARN_UNDECLARED_SELECTOR = YES;
				GCC_WARN_UNINITIALIZED_AUTOS = YES_AGGRESSIVE;
				GCC_WARN_UNUSED_FUNCTION = YES;
				GCC_WARN_UNUSED_VARIABLE = YES;
				IPHONEOS_DEPLOYMENT_TARGET = 14.5;
				MTL_ENABLE_DEBUG_INFO = NO;
				MTL_FAST_MATH = YES;
				SDKROOT = iphoneos;
				SWIFT_COMPILATION_MODE = wholemodule;
				SWIFT_OPTIMIZATION_LEVEL = "-O";
				VALIDATE_PRODUCT = YES;
			};
			name = Release;
		};
		207CBDAB268F043200912DAF /* Debug */ = {
			isa = XCBuildConfiguration;
			buildSettings = {
				ASSETCATALOG_COMPILER_APPICON_NAME = AppIcon;
				ASSETCATALOG_COMPILER_GLOBAL_ACCENT_COLOR_NAME = AccentColor;
				CODE_SIGN_STYLE = Automatic;
				DEVELOPMENT_TEAM = HWU7734XG6;
				INFOPLIST_FILE = DesignExamples/Info.plist;
				LD_RUNPATH_SEARCH_PATHS = (
					"$(inherited)",
					"@executable_path/Frameworks",
				);
				PRODUCT_BUNDLE_IDENTIFIER = com.higgstudio.DesignExamples;
				PRODUCT_NAME = "$(TARGET_NAME)";
				SWIFT_VERSION = 5.0;
				TARGETED_DEVICE_FAMILY = "1,2";
			};
			name = Debug;
		};
		207CBDAC268F043200912DAF /* Release */ = {
			isa = XCBuildConfiguration;
			buildSettings = {
				ASSETCATALOG_COMPILER_APPICON_NAME = AppIcon;
				ASSETCATALOG_COMPILER_GLOBAL_ACCENT_COLOR_NAME = AccentColor;
				CODE_SIGN_STYLE = Automatic;
				DEVELOPMENT_TEAM = HWU7734XG6;
				INFOPLIST_FILE = DesignExamples/Info.plist;
				LD_RUNPATH_SEARCH_PATHS = (
					"$(inherited)",
					"@executable_path/Frameworks",
				);
				PRODUCT_BUNDLE_IDENTIFIER = com.higgstudio.DesignExamples;
				PRODUCT_NAME = "$(TARGET_NAME)";
				SWIFT_VERSION = 5.0;
				TARGETED_DEVICE_FAMILY = "1,2";
			};
			name = Release;
		};
/* End XCBuildConfiguration section */

/* Begin XCConfigurationList section */
		207CBD8E268F042B00912DAF /* Build configuration list for PBXProject "DesignExamples" */ = {
			isa = XCConfigurationList;
			buildConfigurations = (
				207CBDA8268F043200912DAF /* Debug */,
				207CBDA9268F043200912DAF /* Release */,
			);
			defaultConfigurationIsVisible = 0;
			defaultConfigurationName = Release;
		};
		207CBDAA268F043200912DAF /* Build configuration list for PBXNativeTarget "DesignExamples" */ = {
			isa = XCConfigurationList;
			buildConfigurations = (
				207CBDAB268F043200912DAF /* Debug */,
				207CBDAC268F043200912DAF /* Release */,
			);
			defaultConfigurationIsVisible = 0;
			defaultConfigurationName = Release;
		};
/* End XCConfigurationList section */

/* Begin XCVersionGroup section */
		207CBD9F268F042B00912DAF /* DesignExamples.xcdatamodeld */ = {
			isa = XCVersionGroup;
			children = (
				207CBDA0268F042B00912DAF /* DesignExamples.xcdatamodel */,
			);
			currentVersion = 207CBDA0268F042B00912DAF /* DesignExamples.xcdatamodel */;
			path = DesignExamples.xcdatamodeld;
			sourceTree = "<group>";
			versionGroupType = wrapper.xcdatamodel;
		};
/* End XCVersionGroup section */
	};
	rootObject = 207CBD8B268F042B00912DAF /* Project object */;
}
